
Microsoft Visual Studio Solution File, Format Version 12.00
# Visual Studio Version 17
VisualStudioVersion = 17.4.33213.308
MinimumVisualStudioVersion = 10.0.40219.1
Project("{FAE04EC0-301F-11D3-BF4B-00C04F79EFBC}") = "ObjectOrientedPractic", "ObjectOrientedPractic.csproj", "{2FD5505A-57A0-4F16-BBA2-B001122EEDA2}"
EndProject
Global
	GlobalSection(SolutionConfigurationPlatforms) = preSolution
		Debug|Any CPU = Debug|Any CPU
		Release|Any CPU = Release|Any CPU
	EndGlobalSection
	GlobalSection(ProjectConfigurationPlatforms) = postSolution
		{2FD5505A-57A0-4F16-BBA2-B001122EEDA2}.Debug|Any CPU.ActiveCfg = Debug|Any CPU
		{2FD5505A-57A0-4F16-BBA2-B001122EEDA2}.Debug|Any CPU.Build.0 = Debug|Any CPU
		{2FD5505A-57A0-4F16-BBA2-B001122EEDA2}.Release|Any CPU.ActiveCfg = Release|Any CPU
		{2FD5505A-57A0-4F16-BBA2-B001122EEDA2}.Release|Any CPU.Build.0 = Release|Any CPU
	EndGlobalSection
	GlobalSection(SolutionProperties) = preSolution
		HideSolutionNode = FALSE
	EndGlobalSection
	GlobalSection(ExtensibilityGlobals) = postSolution
		SolutionGuid = {30BF7DC2-0C91-45FA-809E-EA2464D1DA6B}
	EndGlobalSection
EndGlobal
